
Microsoft Visual Studio Solution File, Format Version 12.00
# Visual Studio Version 16
VisualStudioVersion = 16.0.29613.14
MinimumVisualStudioVersion = 10.0.40219.1
Project("{9A19103F-16F7-4668-BE54-9A1E7A4F7556}") = "Gremlin.Net", "Gremlin.Net.csproj", "{610DD8C7-5988-4449-B53A-8281673C1EB7}"
EndProject
Global
	GlobalSection(SolutionConfigurationPlatforms) = preSolution
		Debug|Any CPU = Debug|Any CPU
		Release|Any CPU = Release|Any CPU
	EndGlobalSection
	GlobalSection(ProjectConfigurationPlatforms) = postSolution
		{610DD8C7-5988-4449-B53A-8281673C1EB7}.Debug|Any CPU.ActiveCfg = Debug|Any CPU
		{610DD8C7-5988-4449-B53A-8281673C1EB7}.Debug|Any CPU.Build.0 = Debug|Any CPU
		{610DD8C7-5988-4449-B53A-8281673C1EB7}.Release|Any CPU.ActiveCfg = Release|Any CPU
		{610DD8C7-5988-4449-B53A-8281673C1EB7}.Release|Any CPU.Build.0 = Release|Any CPU
	EndGlobalSection
	GlobalSection(SolutionProperties) = preSolution
		HideSolutionNode = FALSE
	EndGlobalSection
	GlobalSection(ExtensibilityGlobals) = postSolution
		SolutionGuid = {DC11CF34-5137-4832-B6FA-15E7D9BF77EC}
	EndGlobalSection
EndGlobal
